
Microsoft Visual Studio Solution File, Format Version 12.00
# Visual Studio Version 17
VisualStudioVersion = 17.6.33723.286
MinimumVisualStudioVersion = 10.0.40219.1
Project("{FAE04EC0-301F-11D3-BF4B-00C04F79EFBC}") = "ASSIGN01", "ASSIGN01\ASSIGN01.csproj", "{F8214213-D19C-4BA8-A4D0-93C5E0D678CE}"
EndProject
Global
	GlobalSection(SolutionConfigurationPlatforms) = preSolution
		Debug|Any CPU = Debug|Any CPU
		Release|Any CPU = Release|Any CPU
	EndGlobalSection
	GlobalSection(ProjectConfigurationPlatforms) = postSolution
		{F8214213-D19C-4BA8-A4D0-93C5E0D678CE}.Debug|Any CPU.ActiveCfg = Debug|Any CPU
		{F8214213-D19C-4BA8-A4D0-93C5E0D678CE}.Debug|Any CPU.Build.0 = Debug|Any CPU
		{F8214213-D19C-4BA8-A4D0-93C5E0D678CE}.Release|Any CPU.ActiveCfg = Release|Any CPU
		{F8214213-D19C-4BA8-A4D0-93C5E0D678CE}.Release|Any CPU.Build.0 = Release|Any CPU
	EndGlobalSection
	GlobalSection(SolutionProperties) = preSolution
		HideSolutionNode = FALSE
	EndGlobalSection
	GlobalSection(ExtensibilityGlobals) = postSolution
		SolutionGuid = {4EF1A8DB-99B9-44C7-A223-7B15FC466891}
	EndGlobalSection
EndGlobal
